
Microsoft Visual Studio Solution File, Format Version 12.00
# Visual Studio 14
VisualStudioVersion = 14.0.25420.1
MinimumVisualStudioVersion = 10.0.40219.1
Project("{FAE04EC0-301F-11D3-BF4B-00C04F79EFBC}") = "Sensor", "Sensor\Sensor.csproj", "{778CEE79-1E59-48E3-8634-CE738E20CF1F}"
EndProject
Project("{FAE04EC0-301F-11D3-BF4B-00C04F79EFBC}") = "Monitor", "Monitor\Monitor.csproj", "{0441C62C-D9C5-49DA-9F71-87CD2221373A}"
EndProject
Project("{FAE04EC0-301F-11D3-BF4B-00C04F79EFBC}") = "Common", "Common\Common.csproj", "{50BA3C9A-A988-4D89-923D-D1A1C569116D}"
EndProject
Project("{FAE04EC0-301F-11D3-BF4B-00C04F79EFBC}") = "Tests", "Tests\Tests.csproj", "{7001D6A3-11D1-47FD-8EA6-4BCFC5B9D16F}"
EndProject
Global
	GlobalSection(SolutionConfigurationPlatforms) = preSolution
		Debug|Any CPU = Debug|Any CPU
		Release|Any CPU = Release|Any CPU
	EndGlobalSection
	GlobalSection(ProjectConfigurationPlatforms) = postSolution
		{778CEE79-1E59-48E3-8634-CE738E20CF1F}.Debug|Any CPU.ActiveCfg = Debug|Any CPU
		{778CEE79-1E59-48E3-8634-CE738E20CF1F}.Debug|Any CPU.Build.0 = Debug|Any CPU
		{778CEE79-1E59-48E3-8634-CE738E20CF1F}.Release|Any CPU.ActiveCfg = Release|Any CPU
		{778CEE79-1E59-48E3-8634-CE738E20CF1F}.Release|Any CPU.Build.0 = Release|Any CPU
		{0441C62C-D9C5-49DA-9F71-87CD2221373A}.Debug|Any CPU.ActiveCfg = Debug|Any CPU
		{0441C62C-D9C5-49DA-9F71-87CD2221373A}.Debug|Any CPU.Build.0 = Debug|Any CPU
		{0441C62C-D9C5-49DA-9F71-87CD2221373A}.Release|Any CPU.ActiveCfg = Release|Any CPU
		{0441C62C-D9C5-49DA-9F71-87CD2221373A}.Release|Any CPU.Build.0 = Release|Any CPU
		{50BA3C9A-A988-4D89-923D-D1A1C569116D}.Debug|Any CPU.ActiveCfg = Debug|Any CPU
		{50BA3C9A-A988-4D89-923D-D1A1C569116D}.Debug|Any CPU.Build.0 = Debug|Any CPU
		{50BA3C9A-A988-4D89-923D-D1A1C569116D}.Release|Any CPU.ActiveCfg = Release|Any CPU
		{50BA3C9A-A988-4D89-923D-D1A1C569116D}.Release|Any CPU.Build.0 = Release|Any CPU
		{7001D6A3-11D1-47FD-8EA6-4BCFC5B9D16F}.Debug|Any CPU.ActiveCfg = Debug|Any CPU
		{7001D6A3-11D1-47FD-8EA6-4BCFC5B9D16F}.Debug|Any CPU.Build.0 = Debug|Any CPU
		{7001D6A3-11D1-47FD-8EA6-4BCFC5B9D16F}.Release|Any CPU.ActiveCfg = Release|Any CPU
		{7001D6A3-11D1-47FD-8EA6-4BCFC5B9D16F}.Release|Any CPU.Build.0 = Release|Any CPU
	EndGlobalSection
	GlobalSection(SolutionProperties) = preSolution
		HideSolutionNode = FALSE
	EndGlobalSection
EndGlobal
